
Microsoft Visual Studio Solution File, Format Version 12.00
# Visual Studio Version 17
VisualStudioVersion = 17.1.32210.238
MinimumVisualStudioVersion = 10.0.40219.1
Project("{FAE04EC0-301F-11D3-BF4B-00C04F79EFBC}") = "ItprogerApp", "ItprogerApp\ItprogerApp.csproj", "{6CC54178-6AE2-4567-A492-70F6C178DF7C}"
EndProject
Global
	GlobalSection(SolutionConfigurationPlatforms) = preSolution
		Debug|Any CPU = Debug|Any CPU
		Release|Any CPU = Release|Any CPU
	EndGlobalSection
	GlobalSection(ProjectConfigurationPlatforms) = postSolution
		{6CC54178-6AE2-4567-A492-70F6C178DF7C}.Debug|Any CPU.ActiveCfg = Debug|Any CPU
		{6CC54178-6AE2-4567-A492-70F6C178DF7C}.Debug|Any CPU.Build.0 = Debug|Any CPU
		{6CC54178-6AE2-4567-A492-70F6C178DF7C}.Release|Any CPU.ActiveCfg = Release|Any CPU
		{6CC54178-6AE2-4567-A492-70F6C178DF7C}.Release|Any CPU.Build.0 = Release|Any CPU
	EndGlobalSection
	GlobalSection(SolutionProperties) = preSolution
		HideSolutionNode = FALSE
	EndGlobalSection
	GlobalSection(ExtensibilityGlobals) = postSolution
		SolutionGuid = {4F985F30-5660-4F95-91B0-CC69F53EB5A5}
	EndGlobalSection
EndGlobal
